// !$*UTF8*$!
{
	archiveVersion = 1;
	classes = {
	};
	objectVersion = 50;
	objects = {

/* Begin PBXBuildFile section */
		3DC147B12162A239003AF689 /* AppDelegate.swift in Sources */ = {isa = PBXBuildFile; fileRef = 3DC147B02162A239003AF689 /* AppDelegate.swift */; };
		3DC147B32162A239003AF689 /* ViewController.swift in Sources */ = {isa = PBXBuildFile; fileRef = 3DC147B22162A239003AF689 /* ViewController.swift */; };
		3DC147B62162A239003AF689 /* Main.storyboard in Resources */ = {isa = PBXBuildFile; fileRef = 3DC147B42162A239003AF689 /* Main.storyboard */; };
		3DC147B82162A23B003AF689 /* Assets.xcassets in Resources */ = {isa = PBXBuildFile; fileRef = 3DC147B72162A23B003AF689 /* Assets.xcassets */; };
		3DC147BB2162A23B003AF689 /* LaunchScreen.storyboard in Resources */ = {isa = PBXBuildFile; fileRef = 3DC147B92162A23B003AF689 /* LaunchScreen.storyboard */; };
		3DC147C62162A23B003AF689 /* CodePath_FlixTests.swift in Sources */ = {isa = PBXBuildFile; fileRef = 3DC147C52162A23B003AF689 /* CodePath_FlixTests.swift */; };
		3DC147D12162A23B003AF689 /* CodePath_FlixUITests.swift in Sources */ = {isa = PBXBuildFile; fileRef = 3DC147D02162A23B003AF689 /* CodePath_FlixUITests.swift */; };
/* End PBXBuildFile section */

/* Begin PBXContainerItemProxy section */
		3DC147C22162A23B003AF689 /* PBXContainerItemProxy */ = {
			isa = PBXContainerItemProxy;
			containerPortal = 3DC147A52162A239003AF689 /* Project object */;
			proxyType = 1;
			remoteGlobalIDString = 3DC147AC2162A239003AF689;
			remoteInfo = CodePath_Flix;
		};
		3DC147CD2162A23B003AF689 /* PBXContainerItemProxy */ = {
			isa = PBXContainerItemProxy;
			containerPortal = 3DC147A52162A239003AF689 /* Project object */;
			proxyType = 1;
			remoteGlobalIDString = 3DC147AC2162A239003AF689;
			remoteInfo = CodePath_Flix;
		};
/* End PBXContainerItemProxy section */

/* Begin PBXFileReference section */
		3DC147AD2162A239003AF689 /* CodePath_Flix.app */ = {isa = PBXFileReference; explicitFileType = wrapper.application; includeInIndex = 0; path = CodePath_Flix.app; sourceTree = BUILT_PRODUCTS_DIR; };
		3DC147B02162A239003AF689 /* AppDelegate.swift */ = {isa = PBXFileReference; lastKnownFileType = sourcecode.swift; path = AppDelegate.swift; sourceTree = "<group>"; };
		3DC147B22162A239003AF689 /* ViewController.swift */ = {isa = PBXFileReference; lastKnownFileType = sourcecode.swift; path = ViewController.swift; sourceTree = "<group>"; };
		3DC147B52162A239003AF689 /* Base */ = {isa = PBXFileReference; lastKnownFileType = file.storyboard; name = Base; path = Base.lproj/Main.storyboard; sourceTree = "<group>"; };
		3DC147B72162A23B003AF689 /* Assets.xcassets */ = {isa = PBXFileReference; lastKnownFileType = folder.assetcatalog; path = Assets.xcassets; sourceTree = "<group>"; };
		3DC147BA2162A23B003AF689 /* Base */ = {isa = PBXFileReference; lastKnownFileType = file.storyboard; name = Base; path = Base.lproj/LaunchScreen.storyboard; sourceTree = "<group>"; };
		3DC147BC2162A23B003AF689 /* Info.plist */ = {isa = PBXFileReference; lastKnownFileType = text.plist.xml; path = Info.plist; sourceTree = "<group>"; };
		3DC147C12162A23B003AF689 /* CodePath_FlixTests.xctest */ = {isa = PBXFileReference; explicitFileType = wrapper.cfbundle; includeInIndex = 0; path = CodePath_FlixTests.xctest; sourceTree = BUILT_PRODUCTS_DIR; };
		3DC147C52162A23B003AF689 /* CodePath_FlixTests.swift */ = {isa = PBXFileReference; lastKnownFileType = sourcecode.swift; path = CodePath_FlixTests.swift; sourceTree = "<group>"; };
		3DC147C72162A23B003AF689 /* Info.plist */ = {isa = PBXFileReference; lastKnownFileType = text.plist.xml; path = Info.plist; sourceTree = "<group>"; };
		3DC147CC2162A23B003AF689 /* CodePath_FlixUITests.xctest */ = {isa = PBXFileReference; explicitFileType = wrapper.cfbundle; includeInIndex = 0; path = CodePath_FlixUITests.xctest; sourceTree = BUILT_PRODUCTS_DIR; };
		3DC147D02162A23B003AF689 /* CodePath_FlixUITests.swift */ = {isa = PBXFileReference; lastKnownFileType = sourcecode.swift; path = CodePath_FlixUITests.swift; sourceTree = "<group>"; };
		3DC147D22162A23B003AF689 /* Info.plist */ = {isa = PBXFileReference; lastKnownFileType = text.plist.xml; path = Info.plist; sourceTree = "<group>"; };
/* End PBXFileReference section */

/* Begin PBXFrameworksBuildPhase section */
		3DC147AA2162A239003AF689 /* Frameworks */ = {
			isa = PBXFrameworksBuildPhase;
			buildActionMask = 2147483647;
			files = (
			);
			runOnlyForDeploymentPostprocessing = 0;
		};
		3DC147BE2162A23B003AF689 /* Frameworks */ = {
			isa = PBXFrameworksBuildPhase;
			buildActionMask = 2147483647;
			files = (
			);
			runOnlyForDeploymentPostprocessing = 0;
		};
		3DC147C92162A23B003AF689 /* Frameworks */ = {
			isa = PBXFrameworksBuildPhase;
			buildActionMask = 2147483647;
			files = (
			);
			runOnlyForDeploymentPostprocessing = 0;
		};
/* End PBXFrameworksBuildPhase section */

/* Begin PBXGroup section */
		3DC147A42162A239003AF689 = {
			isa = PBXGroup;
			children = (
				3DC147AF2162A239003AF689 /* CodePath_Flix */,
				3DC147C42162A23B003AF689 /* CodePath_FlixTests */,
				3DC147CF2162A23B003AF689 /* CodePath_FlixUITests */,
				3DC147AE2162A239003AF689 /* Products */,
			);
			sourceTree = "<group>";
		};
		3DC147AE2162A239003AF689 /* Products */ = {
			isa = PBXGroup;
			children = (
				3DC147AD2162A239003AF689 /* CodePath_Flix.app */,
				3DC147C12162A23B003AF689 /* CodePath_FlixTests.xctest */,
				3DC147CC2162A23B003AF689 /* CodePath_FlixUITests.xctest */,
			);
			name = Products;
			sourceTree = "<group>";
		};
		3DC147AF2162A239003AF689 /* CodePath_Flix */ = {
			isa = PBXGroup;
			children = (
				3DC147B02162A239003AF689 /* AppDelegate.swift */,
				3DC147B22162A239003AF689 /* ViewController.swift */,
				3DC147B42162A239003AF689 /* Main.storyboard */,
				3DC147B72162A23B003AF689 /* Assets.xcassets */,
				3DC147B92162A23B003AF689 /* LaunchScreen.storyboard */,
				3DC147BC2162A23B003AF689 /* Info.plist */,
			);
			path = CodePath_Flix;
			sourceTree = "<group>";
		};
		3DC147C42162A23B003AF689 /* CodePath_FlixTests */ = {
			isa = PBXGroup;
			children = (
				3DC147C52162A23B003AF689 /* CodePath_FlixTests.swift */,
				3DC147C72162A23B003AF689 /* Info.plist */,
			);
			path = CodePath_FlixTests;
			sourceTree = "<group>";
		};
		3DC147CF2162A23B003AF689 /* CodePath_FlixUITests */ = {
			isa = PBXGroup;
			children = (
				3DC147D02162A23B003AF689 /* CodePath_FlixUITests.swift */,
				3DC147D22162A23B003AF689 /* Info.plist */,
			);
			path = CodePath_FlixUITests;
			sourceTree = "<group>";
		};
/* End PBXGroup section */

/* Begin PBXNativeTarget section */
		3DC147AC2162A239003AF689 /* CodePath_Flix */ = {
			isa = PBXNativeTarget;
			buildConfigurationList = 3DC147D52162A23B003AF689 /* Build configuration list for PBXNativeTarget "CodePath_Flix" */;
			buildPhases = (
				3DC147A92162A239003AF689 /* Sources */,
				3DC147AA2162A239003AF689 /* Frameworks */,
				3DC147AB2162A239003AF689 /* Resources */,
			);
			buildRules = (
			);
			dependencies = (
			);
			name = CodePath_Flix;
			productName = CodePath_Flix;
			productReference = 3DC147AD2162A239003AF689 /* CodePath_Flix.app */;
			productType = "com.apple.product-type.application";
		};
		3DC147C02162A23B003AF689 /* CodePath_FlixTests */ = {
			isa = PBXNativeTarget;
			buildConfigurationList = 3DC147D82162A23B003AF689 /* Build configuration list for PBXNativeTarget "CodePath_FlixTests" */;
			buildPhases = (
				3DC147BD2162A23B003AF689 /* Sources */,
				3DC147BE2162A23B003AF689 /* Frameworks */,
				3DC147BF2162A23B003AF689 /* Resources */,
			);
			buildRules = (
			);
			dependencies = (
				3DC147C32162A23B003AF689 /* PBXTargetDependency */,
			);
			name = CodePath_FlixTests;
			productName = CodePath_FlixTests;
			productReference = 3DC147C12162A23B003AF689 /* CodePath_FlixTests.xctest */;
			productType = "com.apple.product-type.bundle.unit-test";
		};
		3DC147CB2162A23B003AF689 /* CodePath_FlixUITests */ = {
			isa = PBXNativeTarget;
			buildConfigurationList = 3DC147DB2162A23B003AF689 /* Build configuration list for PBXNativeTarget "CodePath_FlixUITests" */;
			buildPhases = (
				3DC147C82162A23B003AF689 /* Sources */,
				3DC147C92162A23B003AF689 /* Frameworks */,
				3DC147CA2162A23B003AF689 /* Resources */,
			);
			buildRules = (
			);
			dependencies = (
				3DC147CE2162A23B003AF689 /* PBXTargetDependency */,
			);
			name = CodePath_FlixUITests;
			productName = CodePath_FlixUITests;
			productReference = 3DC147CC2162A23B003AF689 /* CodePath_FlixUITests.xctest */;
			productType = "com.apple.product-type.bundle.ui-testing";
		};
/* End PBXNativeTarget section */

/* Begin PBXProject section */
		3DC147A52162A239003AF689 /* Project object */ = {
			isa = PBXProject;
			attributes = {
				LastSwiftUpdateCheck = 0940;
				LastUpgradeCheck = 0940;
				ORGANIZATIONNAME = "Rezwana Kabita";
				TargetAttributes = {
					3DC147AC2162A239003AF689 = {
						CreatedOnToolsVersion = 9.4.1;
					};
					3DC147C02162A23B003AF689 = {
						CreatedOnToolsVersion = 9.4.1;
						TestTargetID = 3DC147AC2162A239003AF689;
					};
					3DC147CB2162A23B003AF689 = {
						CreatedOnToolsVersion = 9.4.1;
						TestTargetID = 3DC147AC2162A239003AF689;
					};
				};
			};
			buildConfigurationList = 3DC147A82162A239003AF689 /* Build configuration list for PBXProject "CodePath_Flix" */;
			compatibilityVersion = "Xcode 9.3";
			developmentRegion = en;
			hasScannedForEncodings = 0;
			knownRegions = (
				en,
				Base,
			);
			mainGroup = 3DC147A42162A239003AF689;
			productRefGroup = 3DC147AE2162A239003AF689 /* Products */;
			projectDirPath = "";
			projectRoot = "";
			targets = (
				3DC147AC2162A239003AF689 /* CodePath_Flix */,
				3DC147C02162A23B003AF689 /* CodePath_FlixTests */,
				3DC147CB2162A23B003AF689 /* CodePath_FlixUITests */,
			);
		};
/* End PBXProject section */

/* Begin PBXResourcesBuildPhase section */
		3DC147AB2162A239003AF689 /* Resources */ = {
			isa = PBXResourcesBuildPhase;
			buildActionMask = 2147483647;
			files = (
				3DC147BB2162A23B003AF689 /* LaunchScreen.storyboard in Resources */,
				3DC147B82162A23B003AF689 /* Assets.xcassets in Resources */,
				3DC147B62162A239003AF689 /* Main.storyboard in Resources */,
			);
			runOnlyForDeploymentPostprocessing = 0;
		};
		3DC147BF2162A23B003AF689 /* Resources */ = {
			isa = PBXResourcesBuildPhase;
			buildActionMask = 2147483647;
			files = (
			);
			runOnlyForDeploymentPostprocessing = 0;
		};
		3DC147CA2162A23B003AF689 /* Resources */ = {
			isa = PBXResourcesBuildPhase;
			buildActionMask = 2147483647;
			files = (
			);
			runOnlyForDeploymentPostprocessing = 0;
		};
/* End PBXResourcesBuildPhase section */

/* Begin PBXSourcesBuildPhase section */
		3DC147A92162A239003AF689 /* Sources */ = {
			isa = PBXSourcesBuildPhase;
			buildActionMask = 2147483647;
			files = (
				3DC147B32162A239003AF689 /* ViewController.swift in Sources */,
				3DC147B12162A239003AF689 /* AppDelegate.swift in Sources */,
			);
			runOnlyForDeploymentPostprocessing = 0;
		};
		3DC147BD2162A23B003AF689 /* Sources */ = {
			isa = PBXSourcesBuildPhase;
			buildActionMask = 2147483647;
			files = (
				3DC147C62162A23B003AF689 /* CodePath_FlixTests.swift in Sources */,
			);
			runOnlyForDeploymentPostprocessing = 0;
		};
		3DC147C82162A23B003AF689 /* Sources */ = {
			isa = PBXSourcesBuildPhase;
			buildActionMask = 2147483647;
			files = (
				3DC147D12162A23B003AF689 /* CodePath_FlixUITests.swift in Sources */,
			);
			runOnlyForDeploymentPostprocessing = 0;
		};
/* End PBXSourcesBuildPhase section */

/* Begin PBXTargetDependency section */
		3DC147C32162A23B003AF689 /* PBXTargetDependency */ = {
			isa = PBXTargetDependency;
			target = 3DC147AC2162A239003AF689 /* CodePath_Flix */;
			targetProxy = 3DC147C22162A23B003AF689 /* PBXContainerItemProxy */;
		};
		3DC147CE2162A23B003AF689 /* PBXTargetDependency */ = {
			isa = PBXTargetDependency;
			target = 3DC147AC2162A239003AF689 /* CodePath_Flix */;
			targetProxy = 3DC147CD2162A23B003AF689 /* PBXContainerItemProxy */;
		};
/* End PBXTargetDependency section */

/* Begin PBXVariantGroup section */
		3DC147B42162A239003AF689 /* Main.storyboard */ = {
			isa = PBXVariantGroup;
			children = (
				3DC147B52162A239003AF689 /* Base */,
			);
			name = Main.storyboard;
			sourceTree = "<group>";
		};
		3DC147B92162A23B003AF689 /* LaunchScreen.storyboard */ = {
			isa = PBXVariantGroup;
			children = (
				3DC147BA2162A23B003AF689 /* Base */,
			);
			name = LaunchScreen.storyboard;
			sourceTree = "<group>";
		};
/* End PBXVariantGroup section */

/* Begin XCBuildConfiguration section */
		3DC147D32162A23B003AF689 /* Debug */ = {
			isa = XCBuildConfiguration;
			buildSettings = {
				ALWAYS_SEARCH_USER_PATHS = NO;
				CLANG_ANALYZER_NONNULL = YES;
				CLANG_ANALYZER_NUMBER_OBJECT_CONVERSION = YES_AGGRESSIVE;
				CLANG_CXX_LANGUAGE_STANDARD = "gnu++14";
				CLANG_CXX_LIBRARY = "libc++";
				CLANG_ENABLE_MODULES = YES;
				CLANG_ENABLE_OBJC_ARC = YES;
				CLANG_ENABLE_OBJC_WEAK = YES;
				CLANG_WARN_BLOCK_CAPTURE_AUTORELEASING = YES;
				CLANG_WARN_BOOL_CONVERSION = YES;
				CLANG_WARN_COMMA = YES;
				CLANG_WARN_CONSTANT_CONVERSION = YES;
				CLANG_WARN_DEPRECATED_OBJC_IMPLEMENTATIONS = YES;
				CLANG_WARN_DIRECT_OBJC_ISA_USAGE = YES_ERROR;
				CLANG_WARN_DOCUMENTATION_COMMENTS = YES;
				CLANG_WARN_EMPTY_BODY = YES;
				CLANG_WARN_ENUM_CONVERSION = YES;
				CLANG_WARN_INFINITE_RECURSION = YES;
				CLANG_WARN_INT_CONVERSION = YES;
				CLANG_WARN_NON_LITERAL_NULL_CONVERSION = YES;
				CLANG_WARN_OBJC_IMPLICIT_RETAIN_SELF = YES;
				CLANG_WARN_OBJC_LITERAL_CONVERSION = YES;
				CLANG_WARN_OBJC_ROOT_CLASS = YES_ERROR;
				CLANG_WARN_RANGE_LOOP_ANALYSIS = YES;
				CLANG_WARN_STRICT_PROTOTYPES = YES;
				CLANG_WARN_SUSPICIOUS_MOVE = YES;
				CLANG_WARN_UNGUARDED_AVAILABILITY = YES_AGGRESSIVE;
				CLANG_WARN_UNREACHABLE_CODE = YES;
				CLANG_WARN__DUPLICATE_METHOD_MATCH = YES;
				CODE_SIGN_IDENTITY = "iPhone Developer";
				COPY_PHASE_STRIP = NO;
				DEBUG_INFORMATION_FORMAT = dwarf;
				ENABLE_STRICT_OBJC_MSGSEND = YES;
				ENABLE_TESTABILITY = YES;
				GCC_C_LANGUAGE_STANDARD = gnu11;
				GCC_DYNAMIC_NO_PIC = NO;
				GCC_NO_COMMON_BLOCKS = YES;
				GCC_OPTIMIZATION_LEVEL = 0;
				GCC_PREPROCESSOR_DEFINITIONS = (
					"DEBUG=1",
					"$(inherited)",
				);
				GCC_WARN_64_TO_32_BIT_CONVERSION = YES;
				GCC_WARN_ABOUT_RETURN_TYPE = YES_ERROR;
				GCC_WARN_UNDECLARED_SELECTOR = YES;
				GCC_WARN_UNINITIALIZED_AUTOS = YES_AGGRESSIVE;
				GCC_WARN_UNUSED_FUNCTION = YES;
				GCC_WARN_UNUSED_VARIABLE = YES;
				IPHONEOS_DEPLOYMENT_TARGET = 11.4;
				MTL_ENABLE_DEBUG_INFO = YES;
				ONLY_ACTIVE_ARCH = YES;
				SDKROOT = iphoneos;
				SWIFT_ACTIVE_COMPILATION_CONDITIONS = DEBUG;
				SWIFT_OPTIMIZATION_LEVEL = "-Onone";
			};
			name = Debug;
		};
		3DC147D42162A23B003AF689 /* Release */ = {
			isa = XCBuildConfiguration;
			buildSettings = {
				ALWAYS_SEARCH_USER_PATHS = NO;
				CLANG_ANALYZER_NONNULL = YES;
				CLANG_ANALYZER_NUMBER_OBJECT_CONVERSION = YES_AGGRESSIVE;
				CLANG_CXX_LANGUAGE_STANDARD = "gnu++14";
				CLANG_CXX_LIBRARY = "libc++";
				CLANG_ENABLE_MODULES = YES;
				CLANG_ENABLE_OBJC_ARC = YES;
				CLANG_ENABLE_OBJC_WEAK = YES;
				CLANG_WARN_BLOCK_CAPTURE_AUTORELEASING = YES;
				CLANG_WARN_BOOL_CONVERSION = YES;
				CLANG_WARN_COMMA = YES;
				CLANG_WARN_CONSTANT_CONVERSION = YES;
				CLANG_WARN_DEPRECATED_OBJC_IMPLEMENTATIONS = YES;
				CLANG_WARN_DIRECT_OBJC_ISA_USAGE = YES_ERROR;
				CLANG_WARN_DOCUMENTATION_COMMENTS = YES;
				CLANG_WARN_EMPTY_BODY = YES;
				CLANG_WARN_ENUM_CONVERSION = YES;
				CLANG_WARN_INFINITE_RECURSION = YES;
				CLANG_WARN_INT_CONVERSION = YES;
				CLANG_WARN_NON_LITERAL_NULL_CONVERSION = YES;
				CLANG_WARN_OBJC_IMPLICIT_RETAIN_SELF = YES;
				CLANG_WARN_OBJC_LITERAL_CONVERSION = YES;
				CLANG_WARN_OBJC_ROOT_CLASS = YES_ERROR;
				CLANG_WARN_RANGE_LOOP_ANALYSIS = YES;
				CLANG_WARN_STRICT_PROTOTYPES = YES;
				CLANG_WARN_SUSPICIOUS_MOVE = YES;
				CLANG_WARN_UNGUARDED_AVAILABILITY = YES_AGGRESSIVE;
				CLANG_WARN_UNREACHABLE_CODE = YES;
				CLANG_WARN__DUPLICATE_METHOD_MATCH = YES;
				CODE_SIGN_IDENTITY = "iPhone Developer";
				COPY_PHASE_STRIP = NO;
				DEBUG_INFORMATION_FORMAT = "dwarf-with-dsym";
				ENABLE_NS_ASSERTIONS = NO;
				ENABLE_STRICT_OBJC_MSGSEND = YES;
				GCC_C_LANGUAGE_STANDARD = gnu11;
				GCC_NO_COMMON_BLOCKS = YES;
				GCC_WARN_64_TO_32_BIT_CONVERSION = YES;
				GCC_WARN_ABOUT_RETURN_TYPE = YES_ERROR;
				GCC_WARN_UNDECLARED_SELECTOR = YES;
				GCC_WARN_UNINITIALIZED_AUTOS = YES_AGGRESSIVE;
				GCC_WARN_UNUSED_FUNCTION = YES;
				GCC_WARN_UNUSED_VARIABLE = YES;
				IPHONEOS_DEPLOYMENT_TARGET = 11.4;
				MTL_ENABLE_DEBUG_INFO = NO;
				SDKROOT = iphoneos;
				SWIFT_COMPILATION_MODE = wholemodule;
				SWIFT_OPTIMIZATION_LEVEL = "-O";
				VALIDATE_PRODUCT = YES;
			};
			name = Release;
		};
		3DC147D62162A23B003AF689 /* Debug */ = {
			isa = XCBuildConfiguration;
			buildSettings = {
				ASSETCATALOG_COMPILER_APPICON_NAME = AppIcon;
				CODE_SIGN_STYLE = Automatic;
				DEVELOPMENT_TEAM = M4278H4CGD;
				INFOPLIST_FILE = CodePath_Flix/Info.plist;
				LD_RUNPATH_SEARCH_PATHS = (
					"$(inherited)",
					"@executable_path/Frameworks",
				);
				PRODUCT_BUNDLE_IDENTIFIER = "kabita.CodePath-Flix";
				PRODUCT_NAME = "$(TARGET_NAME)";
				SWIFT_VERSION = 4.0;
				TARGETED_DEVICE_FAMILY = "1,2";
			};
			name = Debug;
		};
		3DC147D72162A23B003AF689 /* Release */ = {
			isa = XCBuildConfiguration;
			buildSettings = {
				ASSETCATALOG_COMPILER_APPICON_NAME = AppIcon;
				CODE_SIGN_STYLE = Automatic;
				DEVELOPMENT_TEAM = M4278H4CGD;
				INFOPLIST_FILE = CodePath_Flix/Info.plist;
				LD_RUNPATH_SEARCH_PATHS = (
					"$(inherited)",
					"@executable_path/Frameworks",
				);
				PRODUCT_BUNDLE_IDENTIFIER = "kabita.CodePath-Flix";
				PRODUCT_NAME = "$(TARGET_NAME)";
				SWIFT_VERSION = 4.0;
				TARGETED_DEVICE_FAMILY = "1,2";
			};
			name = Release;
		};
		3DC147D92162A23B003AF689 /* Debug */ = {
			isa = XCBuildConfiguration;
			buildSettings = {
				ALWAYS_EMBED_SWIFT_STANDARD_LIBRARIES = YES;
				BUNDLE_LOADER = "$(TEST_HOST)";
				CODE_SIGN_STYLE = Automatic;
				DEVELOPMENT_TEAM = M4278H4CGD;
				INFOPLIST_FILE = CodePath_FlixTests/Info.plist;
				LD_RUNPATH_SEARCH_PATHS = (
					"$(inherited)",
					"@executable_path/Frameworks",
					"@loader_path/Frameworks",
				);
				PRODUCT_BUNDLE_IDENTIFIER = "kabita.CodePath-FlixTests";
				PRODUCT_NAME = "$(TARGET_NAME)";
				SWIFT_VERSION = 4.0;
				TARGETED_DEVICE_FAMILY = "1,2";
				TEST_HOST = "$(BUILT_PRODUCTS_DIR)/CodePath_Flix.app/CodePath_Flix";
			};
			name = Debug;
		};
		3DC147DA2162A23B003AF689 /* Release */ = {
			isa = XCBuildConfiguration;
			buildSettings = {
				ALWAYS_EMBED_SWIFT_STANDARD_LIBRARIES = YES;
				BUNDLE_LOADER = "$(TEST_HOST)";
				CODE_SIGN_STYLE = Automatic;
				DEVELOPMENT_TEAM = M4278H4CGD;
				INFOPLIST_FILE = CodePath_FlixTests/Info.plist;
				LD_RUNPATH_SEARCH_PATHS = (
					"$(inherited)",
					"@executable_path/Frameworks",
					"@loader_path/Frameworks",
				);
				PRODUCT_BUNDLE_IDENTIFIER = "kabita.CodePath-FlixTests";
				PRODUCT_NAME = "$(TARGET_NAME)";
				SWIFT_VERSION = 4.0;
				TARGETED_DEVICE_FAMILY = "1,2";
				TEST_HOST = "$(BUILT_PRODUCTS_DIR)/CodePath_Flix.app/CodePath_Flix";
			};
			name = Release;
		};
		3DC147DC2162A23B003AF689 /* Debug */ = {
			isa = XCBuildConfiguration;
			buildSettings = {
				ALWAYS_EMBED_SWIFT_STANDARD_LIBRARIES = YES;
				CODE_SIGN_STYLE = Automatic;
				DEVELOPMENT_TEAM = M4278H4CGD;
				INFOPLIST_FILE = CodePath_FlixUITests/Info.plist;
				LD_RUNPATH_SEARCH_PATHS = (
					"$(inherited)",
					"@executable_path/Frameworks",
					"@loader_path/Frameworks",
				);
				PRODUCT_BUNDLE_IDENTIFIER = "kabita.CodePath-FlixUITests";
				PRODUCT_NAME = "$(TARGET_NAME)";
				SWIFT_VERSION = 4.0;
				TARGETED_DEVICE_FAMILY = "1,2";
				TEST_TARGET_NAME = CodePath_Flix;
			};
			name = Debug;
		};
		3DC147DD2162A23B003AF689 /* Release */ = {
			isa = XCBuildConfiguration;
			buildSettings = {
				ALWAYS_EMBED_SWIFT_STANDARD_LIBRARIES = YES;
				CODE_SIGN_STYLE = Automatic;
				DEVELOPMENT_TEAM = M4278H4CGD;
				INFOPLIST_FILE = CodePath_FlixUITests/Info.plist;
				LD_RUNPATH_SEARCH_PATHS = (
					"$(inherited)",
					"@executable_path/Frameworks",
					"@loader_path/Frameworks",
				);
				PRODUCT_BUNDLE_IDENTIFIER = "kabita.CodePath-FlixUITests";
				PRODUCT_NAME = "$(TARGET_NAME)";
				SWIFT_VERSION = 4.0;
				TARGETED_DEVICE_FAMILY = "1,2";
				TEST_TARGET_NAME = CodePath_Flix;
			};
			name = Release;
		};
/* End XCBuildConfiguration section */

/* Begin XCConfigurationList section */
		3DC147A82162A239003AF689 /* Build configuration list for PBXProject "CodePath_Flix" */ = {
			isa = XCConfigurationList;
			buildConfigurations = (
				3DC147D32162A23B003AF689 /* Debug */,
				3DC147D42162A23B003AF689 /* Release */,
			);
			defaultConfigurationIsVisible = 0;
			defaultConfigurationName = Release;
		};
		3DC147D52162A23B003AF689 /* Build configuration list for PBXNativeTarget "CodePath_Flix" */ = {
			isa = XCConfigurationList;
			buildConfigurations = (
				3DC147D62162A23B003AF689 /* Debug */,
				3DC147D72162A23B003AF689 /* Release */,
			);
			defaultConfigurationIsVisible = 0;
			defaultConfigurationName = Release;
		};
		3DC147D82162A23B003AF689 /* Build configuration list for PBXNativeTarget "CodePath_FlixTests" */ = {
			isa = XCConfigurationList;
			buildConfigurations = (
				3DC147D92162A23B003AF689 /* Debug */,
				3DC147DA2162A23B003AF689 /* Release */,
			);
			defaultConfigurationIsVisible = 0;
			defaultConfigurationName = Release;
		};
		3DC147DB2162A23B003AF689 /* Build configuration list for PBXNativeTarget "CodePath_FlixUITests" */ = {
			isa = XCConfigurationList;
			buildConfigurations = (
				3DC147DC2162A23B003AF689 /* Debug */,
				3DC147DD2162A23B003AF689 /* Release */,
			);
			defaultConfigurationIsVisible = 0;
			defaultConfigurationName = Release;
		};
/* End XCConfigurationList section */
	};
	rootObject = 3DC147A52162A239003AF689 /* Project object */;
}
